{
  "originHash" : "f14a05fd0e77d85e01d000949a87c44717e4ca33d1c3ae8b1e84db17e532778a",
  "pins" : [
    {
      "identity" : "pspdfkit-sp",
      "kind" : "remoteSourceControl",
      "location" : "https://github.com/PSPDFKit/PSPDFKit-SP",
      "state" : {
        "revision" : "3388fc5a4beeacda3e0b0a3ba6ec1766e55ad1d9",
        "version" : "13.9.0"
      }
    }
  ],
  "version" : 3
}
